<?xml version="1.0" encoding="utf-8"?>
<Project ToolsVersion="4.0" xmlns="http://schemas.microsoft.com/developer/msbuild/2003">
  <ItemGroup>
    <Filter Include="ソース ファイル">
      <UniqueIdentifier>{4FC737F1-C7A5-4376-A066-2A32D752A2FF}</UniqueIdentifier>
      <Extensions>cpp;c;cc;cxx;def;odl;idl;hpj;bat;asm;asmx</Extensions>
    </Filter>
    <Filter Include="ヘッダー ファイル">
      <UniqueIdentifier>{93995380-89BD-4b04-88EB-625FBE52EBFB}</UniqueIdentifier>
      <Extensions>h;hh;hpp;hxx;hm;inl;inc;xsd</Extensions>
    </Filter>
    <Filter Include="リソース ファイル">
      <UniqueIdentifier>{67DA6AB6-F800-4c08-8B7A-83BB121AAD01}</UniqueIdentifier>
      <Extensions>rc;ico;cur;bmp;dlg;rc2;rct;bin;rgs;gif;jpg;jpeg;jpe;resx;tiff;tif;png;wav;mfcribbon-ms</Extensions>
    </Filter>
    <Filter Include="ソース ファイル\ギミック1（上がる足場）">
      <UniqueIdentifier>{4cc08bc4-769c-4c71-990c-f3a00dc735c0}</UniqueIdentifier>
    </Filter>
    <Filter Include="ヘッダー ファイル\ギミック1（上がる足場）">
      <UniqueIdentifier>{1bfe8ada-9618-4891-9609-b802e5d51388}</UniqueIdentifier>
    </Filter>
    <Filter Include="ソース ファイル\ギミック2（下がるブロック）">
      <UniqueIdentifier>{85e6eb46-cb23-4ca6-86be-65ae95bbd2ba}</UniqueIdentifier>
    </Filter>
    <Filter Include="ヘッダー ファイル\ギミック2（下がるブロック）">
      <UniqueIdentifier>{8dda7acc-2b2a-4083-ba35-17e0d9944250}</UniqueIdentifier>
    </Filter>
    <Filter Include="ソース ファイル\ギミック3（動かすブロック）">
      <UniqueIdentifier>{cea70757-72ab-45ef-8119-baa5146c6991}</UniqueIdentifier>
    </Filter>
    <Filter Include="ヘッダー ファイル\ギミック3（動かす足場）">
      <UniqueIdentifier>{d3a638fb-cced-4e9a-9606-5046fa663354}</UniqueIdentifier>
    </Filter>
    <Filter Include="ソース ファイル\ギミック4（ボート）">
      <UniqueIdentifier>{a6110779-93ea-477c-8445-abe9a62fc19b}</UniqueIdentifier>
    </Filter>
    <Filter Include="ヘッダー ファイル\ギミック4（ボート）">
      <UniqueIdentifier>{bb98a2c3-010c-447f-a987-507342bdc07b}</UniqueIdentifier>
    </Filter>
    <Filter Include="ソース ファイル\ギミック5（天秤）">
      <UniqueIdentifier>{fffe33b1-5b46-4358-95b8-f5e5f385ba3b}</UniqueIdentifier>
    </Filter>
    <Filter Include="ヘッダー ファイル\ギミック5（天秤）">
      <UniqueIdentifier>{19c8b315-3f28-4603-a680-7b1310936d74}</UniqueIdentifier>
    </Filter>
    <Filter Include="ソース ファイル\ギミック8（色付き門）">
      <UniqueIdentifier>{db68bfcd-9dec-421f-9c73-7c8d11ce9288}</UniqueIdentifier>
    </Filter>
    <Filter Include="ヘッダー ファイル\ギミック6%28下がるブロック%29">
      <UniqueIdentifier>{f1108e96-d34c-418c-aab1-8af0f717c861}</UniqueIdentifier>
    </Filter>
    <Filter Include="ソース ファイル\ギミック6%28下がるブロック%29">
      <UniqueIdentifier>{ec3eaf57-4d1f-46bf-ae71-07d6fc2403a9}</UniqueIdentifier>
    </Filter>
    <Filter Include="ヘッダー ファイル\ギミック8（色付き門）">
      <UniqueIdentifier>{74aa48f5-a269-46c7-a614-b645f4b57fa0}</UniqueIdentifier>
    </Filter>
  </ItemGroup>
  <ItemGroup>
    <ClCompile Include="GameEngine\Collision.cpp">
      <Filter>リソース ファイル</Filter>
    </ClCompile>
    <ClCompile Include="GameEngine\DeviceCreate.cpp">
      <Filter>リソース ファイル</Filter>
    </ClCompile>
    <ClCompile Include="GameEngine\Draw2DPolygon.cpp">
      <Filter>リソース ファイル</Filter>
    </ClCompile>
    <ClCompile Include="GameEngine\FontTex.cpp">
      <Filter>リソース ファイル</Filter>
    </ClCompile>
    <ClCompile Include="GameEngine\Input.cpp">
      <Filter>リソース ファイル</Filter>
    </ClCompile>
    <ClCompile Include="GameEngine\TaskSystem.cpp">
      <Filter>リソース ファイル</Filter>
    </ClCompile>
    <ClCompile Include="GameEngine\WindowCreate.cpp">
      <Filter>リソース ファイル</Filter>
    </ClCompile>
    <ClCompile Include="GameEngine\main.cpp">
      <Filter>ソース ファイル</Filter>
    </ClCompile>
    <ClCompile Include="GameEngine\Audio.cpp">
      <Filter>リソース ファイル</Filter>
    </ClCompile>
    <ClCompile Include="SceneMain.cpp">
      <Filter>ソース ファイル</Filter>
    </ClCompile>
    <ClCompile Include="Hero.cpp">
      <Filter>ソース ファイル</Filter>
    </ClCompile>
    <ClCompile Include="Tank.cpp">
      <Filter>ソース ファイル</Filter>
    </ClCompile>
    <ClCompile Include="Background.cpp">
      <Filter>ソース ファイル</Filter>
    </ClCompile>
    <ClCompile Include="BucketMeter.cpp">
      <Filter>ソース ファイル</Filter>
    </ClCompile>
    <ClCompile Include="Title.cpp">
      <Filter>ソース ファイル</Filter>
    </ClCompile>
    <ClCompile Include="ObjGround.cpp">
      <Filter>ソース ファイル</Filter>
    </ClCompile>
    <ClCompile Include="WTM.cpp">
      <Filter>ソース ファイル</Filter>
    </ClCompile>
    <ClCompile Include="Menu.cpp">
      <Filter>ソース ファイル</Filter>
    </ClCompile>
    <ClCompile Include="StageSelecto.cpp">
      <Filter>ソース ファイル</Filter>
    </ClCompile>
    <ClCompile Include="ObjStory.cpp">
      <Filter>ソース ファイル</Filter>
    </ClCompile>
    <ClCompile Include="Result.cpp">
      <Filter>ソース ファイル</Filter>
    </ClCompile>
    <ClCompile Include="Sprinkler.cpp">
      <Filter>ソース ファイル</Filter>
    </ClCompile>
    <ClCompile Include="ObjUpScaffold.cpp">
      <Filter>ソース ファイル\ギミック1（上がる足場）</Filter>
    </ClCompile>
    <ClCompile Include="ObjUpScaffold_Tank.cpp">
      <Filter>ソース ファイル\ギミック1（上がる足場）</Filter>
    </ClCompile>
    <ClCompile Include="ObjDownBlock.cpp">
      <Filter>ソース ファイル\ギミック2（下がるブロック）</Filter>
    </ClCompile>
    <ClCompile Include="ObjDownBlock_Tank.cpp">
      <Filter>ソース ファイル\ギミック2（下がるブロック）</Filter>
    </ClCompile>
    <ClCompile Include="ObjMoveBlock.cpp">
      <Filter>ソース ファイル\ギミック3（動かすブロック）</Filter>
    </ClCompile>
    <ClCompile Include="ObjMoveBlock_Tank.cpp">
      <Filter>ソース ファイル\ギミック3（動かすブロック）</Filter>
    </ClCompile>
    <ClCompile Include="ObjGround2.cpp">
      <Filter>ソース ファイル</Filter>
    </ClCompile>
    <ClCompile Include="ObjBoat.cpp">
      <Filter>ソース ファイル\ギミック4（ボート）</Filter>
    </ClCompile>
    <ClCompile Include="ObjBoat_Tank.cpp">
      <Filter>ソース ファイル\ギミック4（ボート）</Filter>
    </ClCompile>
    <ClCompile Include="ObjGround3.cpp">
      <Filter>ソース ファイル</Filter>
    </ClCompile>
    <ClCompile Include="ObjColorDoor.cpp">
      <Filter>ソース ファイル\ギミック8（色付き門）</Filter>
    </ClCompile>
    <ClCompile Include="ObjColorDoor_Tank.cpp">
      <Filter>ソース ファイル\ギミック8（色付き門）</Filter>
    </ClCompile>
    <ClCompile Include="Tank2.cpp">
      <Filter>ソース ファイル</Filter>
    </ClCompile>
    <ClCompile Include="Tank3.cpp">
      <Filter>ソース ファイル</Filter>
    </ClCompile>
    <ClCompile Include="ObjDownBlock_TankStage2.cpp">
      <Filter>ソース ファイル\ギミック6%28下がるブロック%29</Filter>
    </ClCompile>
    <ClCompile Include="ObjDownBlockStage2.cpp">
      <Filter>ソース ファイル\ギミック6%28下がるブロック%29</Filter>
    </ClCompile>
    <ClCompile Include="ObjScale.cpp">
      <Filter>ソース ファイル\ギミック5（天秤）</Filter>
    </ClCompile>
    <ClCompile Include="WTM3.cpp">
      <Filter>ソース ファイル</Filter>
    </ClCompile>
    <ClCompile Include="ObjScale_Tank.cpp">
      <Filter>ソース ファイル\ギミック5（天秤）</Filter>
    </ClCompile>
    <ClCompile Include="WTM2.cpp">
      <Filter>ソース ファイル</Filter>
    </ClCompile>
  </ItemGroup>
  <ItemGroup>
    <ClInclude Include="GameEngine\Collision.h">
      <Filter>リソース ファイル</Filter>
    </ClInclude>
    <ClInclude Include="GameEngine\DeviceCreate.h">
      <Filter>リソース ファイル</Filter>
    </ClInclude>
    <ClInclude Include="GameEngine\Draw2DPolygon.h">
      <Filter>リソース ファイル</Filter>
    </ClInclude>
    <ClInclude Include="GameEngine\FontTex.h">
      <Filter>リソース ファイル</Filter>
    </ClInclude>
    <ClInclude Include="GameEngine\Input.h">
      <Filter>リソース ファイル</Filter>
    </ClInclude>
    <ClInclude Include="GameEngine\TaskSystem.h">
      <Filter>リソース ファイル</Filter>
    </ClInclude>
    <ClInclude Include="GameEngine\WindowCreate.h">
      <Filter>リソース ファイル</Filter>
    </ClInclude>
    <ClInclude Include="GameEngine\Audio.h">
      <Filter>リソース ファイル</Filter>
    </ClInclude>
    <ClInclude Include="SceneMain.h">
      <Filter>ヘッダー ファイル</Filter>
    </ClInclude>
    <ClInclude Include="Hero.h">
      <Filter>ヘッダー ファイル</Filter>
    </ClInclude>
    <ClInclude Include="Tank.h">
      <Filter>ヘッダー ファイル</Filter>
    </ClInclude>
    <ClInclude Include="Background.h">
      <Filter>ヘッダー ファイル</Filter>
    </ClInclude>
    <ClInclude Include="BucketMeter.h">
      <Filter>ヘッダー ファイル</Filter>
    </ClInclude>
    <ClInclude Include="Title.h">
      <Filter>ヘッダー ファイル</Filter>
    </ClInclude>
    <ClInclude Include="ObjGround.h">
      <Filter>ヘッダー ファイル</Filter>
    </ClInclude>
    <ClInclude Include="WTM.h">
      <Filter>ヘッダー ファイル</Filter>
    </ClInclude>
    <ClInclude Include="Menu.h">
      <Filter>ヘッダー ファイル</Filter>
    </ClInclude>
    <ClInclude Include="StageSelecto.h">
      <Filter>ヘッダー ファイル</Filter>
    </ClInclude>
    <ClInclude Include="ObjStory.h">
      <Filter>ヘッダー ファイル</Filter>
    </ClInclude>
    <ClInclude Include="Result.h">
      <Filter>ヘッダー ファイル</Filter>
    </ClInclude>
    <ClInclude Include="Sprinkler.h">
      <Filter>ヘッダー ファイル</Filter>
    </ClInclude>
    <ClInclude Include="ObjUpScaffold.h">
      <Filter>ヘッダー ファイル\ギミック1（上がる足場）</Filter>
    </ClInclude>
    <ClInclude Include="ObjUpScaffold_Tank.h">
      <Filter>ヘッダー ファイル\ギミック1（上がる足場）</Filter>
    </ClInclude>
    <ClInclude Include="ObjDownBlock.h">
      <Filter>ヘッダー ファイル\ギミック2（下がるブロック）</Filter>
    </ClInclude>
    <ClInclude Include="ObjDownBlock_Tank.h">
      <Filter>ヘッダー ファイル\ギミック2（下がるブロック）</Filter>
    </ClInclude>
    <ClInclude Include="ObjMoveBlock.h">
      <Filter>ヘッダー ファイル\ギミック3（動かす足場）</Filter>
    </ClInclude>
    <ClInclude Include="ObjMoveBlock_Tank.h">
      <Filter>ヘッダー ファイル\ギミック3（動かす足場）</Filter>
    </ClInclude>
    <ClInclude Include="ObjGround2.h">
      <Filter>ヘッダー ファイル</Filter>
    </ClInclude>
    <ClInclude Include="ObjBoat.h">
      <Filter>ヘッダー ファイル\ギミック4（ボート）</Filter>
    </ClInclude>
    <ClInclude Include="ObjBoat_Tank.h">
      <Filter>ヘッダー ファイル\ギミック4（ボート）</Filter>
    </ClInclude>
    <ClInclude Include="ObjGround3.h">
      <Filter>ヘッダー ファイル</Filter>
    </ClInclude>
    <ClInclude Include="ObjColorDoor.h">
      <Filter>ヘッダー ファイル\ギミック8（色付き門）</Filter>
    </ClInclude>
    <ClInclude Include="ObjColorDoor_Tank.h">
      <Filter>ヘッダー ファイル\ギミック8（色付き門）</Filter>
    </ClInclude>
    <ClInclude Include="Tank2.h">
      <Filter>ヘッダー ファイル</Filter>
    </ClInclude>
    <ClInclude Include="Tank3.h">
      <Filter>ヘッダー ファイル</Filter>
    </ClInclude>
    <ClInclude Include="ObjDownBlock_TankStage2.h">
      <Filter>ヘッダー ファイル\ギミック6%28下がるブロック%29</Filter>
    </ClInclude>
    <ClInclude Include="ObjDownBlockStage2.h">
      <Filter>ヘッダー ファイル\ギミック6%28下がるブロック%29</Filter>
    </ClInclude>
    <ClInclude Include="ObjScale.h">
      <Filter>ヘッダー ファイル\ギミック5（天秤）</Filter>
    </ClInclude>
    <ClInclude Include="ObjScale_Tank.h">
      <Filter>ヘッダー ファイル\ギミック5（天秤）</Filter>
    </ClInclude>
    <ClInclude Include="WTM3.h">
      <Filter>ヘッダー ファイル</Filter>
    </ClInclude>
    <ClInclude Include="WTM2.h">
      <Filter>ヘッダー ファイル</Filter>
    </ClInclude>
  </ItemGroup>
  <ItemGroup>
    <Library Include="GameEngine\libogg_static.lib">
      <Filter>リソース ファイル</Filter>
    </Library>
    <Library Include="GameEngine\libvorbis_static.lib">
      <Filter>リソース ファイル</Filter>
    </Library>
    <Library Include="GameEngine\libvorbisfile_static.lib">
      <Filter>リソース ファイル</Filter>
    </Library>
  </ItemGroup>
</Project>